
Microsoft Visual Studio Solution File, Format Version 12.00
# Visual Studio Version 17
VisualStudioVersion = 17.9.34622.214
MinimumVisualStudioVersion = 10.0.40219.1
Project("{FAE04EC0-301F-11D3-BF4B-00C04F79EFBC}") = "janken", "janken\janken.csproj", "{4C1174E0-F5FC-4A70-A1CA-367B797079BF}"
EndProject
Global
	GlobalSection(SolutionConfigurationPlatforms) = preSolution
		Debug|Any CPU = Debug|Any CPU
		Release|Any CPU = Release|Any CPU
	EndGlobalSection
	GlobalSection(ProjectConfigurationPlatforms) = postSolution
		{4C1174E0-F5FC-4A70-A1CA-367B797079BF}.Debug|Any CPU.ActiveCfg = Debug|Any CPU
		{4C1174E0-F5FC-4A70-A1CA-367B797079BF}.Debug|Any CPU.Build.0 = Debug|Any CPU
		{4C1174E0-F5FC-4A70-A1CA-367B797079BF}.Release|Any CPU.ActiveCfg = Release|Any CPU
		{4C1174E0-F5FC-4A70-A1CA-367B797079BF}.Release|Any CPU.Build.0 = Release|Any CPU
	EndGlobalSection
	GlobalSection(SolutionProperties) = preSolution
		HideSolutionNode = FALSE
	EndGlobalSection
	GlobalSection(ExtensibilityGlobals) = postSolution
		SolutionGuid = {EC9954AA-56C5-4F29-8858-83B13642A792}
	EndGlobalSection
EndGlobal
